// !$*UTF8*$!
{
	archiveVersion = 1;
	classes = {
	};
	objectVersion = 46;
	objects = {

/* Begin PBXBuildFile section */
		871578F019DFF8D3004116A5 /* main.m in Sources */ = {isa = PBXBuildFile; fileRef = 871578EF19DFF8D3004116A5 /* main.m */; };
		871578F319DFF8D3004116A5 /* AppDelegate.m in Sources */ = {isa = PBXBuildFile; fileRef = 871578F219DFF8D3004116A5 /* AppDelegate.m */; };
		871578F619DFF8D3004116A5 /* ViewController.m in Sources */ = {isa = PBXBuildFile; fileRef = 871578F519DFF8D3004116A5 /* ViewController.m */; };
		871578F919DFF8D3004116A5 /* Main.storyboard in Resources */ = {isa = PBXBuildFile; fileRef = 871578F719DFF8D3004116A5 /* Main.storyboard */; };
		871578FB19DFF8D3004116A5 /* Images.xcassets in Resources */ = {isa = PBXBuildFile; fileRef = 871578FA19DFF8D3004116A5 /* Images.xcassets */; };
		871578FE19DFF8D3004116A5 /* LaunchScreen.xib in Resources */ = {isa = PBXBuildFile; fileRef = 871578FC19DFF8D3004116A5 /* LaunchScreen.xib */; };
		8715790A19DFF8D3004116A5 /* _009odai1Tests.m in Sources */ = {isa = PBXBuildFile; fileRef = 8715790919DFF8D3004116A5 /* _009odai1Tests.m */; };
/* End PBXBuildFile section */

/* Begin PBXContainerItemProxy section */
		8715790419DFF8D3004116A5 /* PBXContainerItemProxy */ = {
			isa = PBXContainerItemProxy;
			containerPortal = 871578E219DFF8D3004116A5 /* Project object */;
			proxyType = 1;
			remoteGlobalIDString = 871578E919DFF8D3004116A5;
			remoteInfo = 2009odai1;
		};
/* End PBXContainerItemProxy section */

/* Begin PBXFileReference section */
		871578EA19DFF8D3004116A5 /* 2009odai1.app */ = {isa = PBXFileReference; explicitFileType = wrapper.application; includeInIndex = 0; path = 2009odai1.app; sourceTree = BUILT_PRODUCTS_DIR; };
		871578EE19DFF8D3004116A5 /* Info.plist */ = {isa = PBXFileReference; lastKnownFileType = text.plist.xml; path = Info.plist; sourceTree = "<group>"; };
		871578EF19DFF8D3004116A5 /* main.m */ = {isa = PBXFileReference; lastKnownFileType = sourcecode.c.objc; path = main.m; sourceTree = "<group>"; };
		871578F119DFF8D3004116A5 /* AppDelegate.h */ = {isa = PBXFileReference; lastKnownFileType = sourcecode.c.h; path = AppDelegate.h; sourceTree = "<group>"; };
		871578F219DFF8D3004116A5 /* AppDelegate.m */ = {isa = PBXFileReference; lastKnownFileType = sourcecode.c.objc; path = AppDelegate.m; sourceTree = "<group>"; };
		871578F419DFF8D3004116A5 /* ViewController.h */ = {isa = PBXFileReference; lastKnownFileType = sourcecode.c.h; path = ViewController.h; sourceTree = "<group>"; };
		871578F519DFF8D3004116A5 /* ViewController.m */ = {isa = PBXFileReference; lastKnownFileType = sourcecode.c.objc; path = ViewController.m; sourceTree = "<group>"; };
		871578F819DFF8D3004116A5 /* Base */ = {isa = PBXFileReference; lastKnownFileType = file.storyboard; name = Base; path = Base.lproj/Main.storyboard; sourceTree = "<group>"; };
		871578FA19DFF8D3004116A5 /* Images.xcassets */ = {isa = PBXFileReference; lastKnownFileType = folder.assetcatalog; path = Images.xcassets; sourceTree = "<group>"; };
		871578FD19DFF8D3004116A5 /* Base */ = {isa = PBXFileReference; lastKnownFileType = file.xib; name = Base; path = Base.lproj/LaunchScreen.xib; sourceTree = "<group>"; };
		8715790319DFF8D3004116A5 /* 2009odai1Tests.xctest */ = {isa = PBXFileReference; explicitFileType = wrapper.cfbundle; includeInIndex = 0; path = 2009odai1Tests.xctest; sourceTree = BUILT_PRODUCTS_DIR; };
		8715790819DFF8D3004116A5 /* Info.plist */ = {isa = PBXFileReference; lastKnownFileType = text.plist.xml; path = Info.plist; sourceTree = "<group>"; };
		8715790919DFF8D3004116A5 /* _009odai1Tests.m */ = {isa = PBXFileReference; lastKnownFileType = sourcecode.c.objc; path = _009odai1Tests.m; sourceTree = "<group>"; };
/* End PBXFileReference section */

/* Begin PBXFrameworksBuildPhase section */
		871578E719DFF8D3004116A5 /* Frameworks */ = {
			isa = PBXFrameworksBuildPhase;
			buildActionMask = 2147483647;
			files = (
			);
			runOnlyForDeploymentPostprocessing = 0;
		};
		8715790019DFF8D3004116A5 /* Frameworks */ = {
			isa = PBXFrameworksBuildPhase;
			buildActionMask = 2147483647;
			files = (
			);
			runOnlyForDeploymentPostprocessing = 0;
		};
/* End PBXFrameworksBuildPhase section */

/* Begin PBXGroup section */
		871578E119DFF8D3004116A5 = {
			isa = PBXGroup;
			children = (
				871578EC19DFF8D3004116A5 /* 2009odai1 */,
				8715790619DFF8D3004116A5 /* 2009odai1Tests */,
				871578EB19DFF8D3004116A5 /* Products */,
			);
			sourceTree = "<group>";
		};
		871578EB19DFF8D3004116A5 /* Products */ = {
			isa = PBXGroup;
			children = (
				871578EA19DFF8D3004116A5 /* 2009odai1.app */,
				8715790319DFF8D3004116A5 /* 2009odai1Tests.xctest */,
			);
			name = Products;
			sourceTree = "<group>";
		};
		871578EC19DFF8D3004116A5 /* 2009odai1 */ = {
			isa = PBXGroup;
			children = (
				871578F119DFF8D3004116A5 /* AppDelegate.h */,
				871578F219DFF8D3004116A5 /* AppDelegate.m */,
				871578F419DFF8D3004116A5 /* ViewController.h */,
				871578F519DFF8D3004116A5 /* ViewController.m */,
				871578F719DFF8D3004116A5 /* Main.storyboard */,
				871578FA19DFF8D3004116A5 /* Images.xcassets */,
				871578FC19DFF8D3004116A5 /* LaunchScreen.xib */,
				871578ED19DFF8D3004116A5 /* Supporting Files */,
			);
			path = 2009odai1;
			sourceTree = "<group>";
		};
		871578ED19DFF8D3004116A5 /* Supporting Files */ = {
			isa = PBXGroup;
			children = (
				871578EE19DFF8D3004116A5 /* Info.plist */,
				871578EF19DFF8D3004116A5 /* main.m */,
			);
			name = "Supporting Files";
			sourceTree = "<group>";
		};
		8715790619DFF8D3004116A5 /* 2009odai1Tests */ = {
			isa = PBXGroup;
			children = (
				8715790919DFF8D3004116A5 /* _009odai1Tests.m */,
				8715790719DFF8D3004116A5 /* Supporting Files */,
			);
			path = 2009odai1Tests;
			sourceTree = "<group>";
		};
		8715790719DFF8D3004116A5 /* Supporting Files */ = {
			isa = PBXGroup;
			children = (
				8715790819DFF8D3004116A5 /* Info.plist */,
			);
			name = "Supporting Files";
			sourceTree = "<group>";
		};
/* End PBXGroup section */

/* Begin PBXNativeTarget section */
		871578E919DFF8D3004116A5 /* 2009odai1 */ = {
			isa = PBXNativeTarget;
			buildConfigurationList = 8715790D19DFF8D3004116A5 /* Build configuration list for PBXNativeTarget "2009odai1" */;
			buildPhases = (
				871578E619DFF8D3004116A5 /* Sources */,
				871578E719DFF8D3004116A5 /* Frameworks */,
				871578E819DFF8D3004116A5 /* Resources */,
			);
			buildRules = (
			);
			dependencies = (
			);
			name = 2009odai1;
			productName = 2009odai1;
			productReference = 871578EA19DFF8D3004116A5 /* 2009odai1.app */;
			productType = "com.apple.product-type.application";
		};
		8715790219DFF8D3004116A5 /* 2009odai1Tests */ = {
			isa = PBXNativeTarget;
			buildConfigurationList = 8715791019DFF8D3004116A5 /* Build configuration list for PBXNativeTarget "2009odai1Tests" */;
			buildPhases = (
				871578FF19DFF8D3004116A5 /* Sources */,
				8715790019DFF8D3004116A5 /* Frameworks */,
				8715790119DFF8D3004116A5 /* Resources */,
			);
			buildRules = (
			);
			dependencies = (
				8715790519DFF8D3004116A5 /* PBXTargetDependency */,
			);
			name = 2009odai1Tests;
			productName = 2009odai1Tests;
			productReference = 8715790319DFF8D3004116A5 /* 2009odai1Tests.xctest */;
			productType = "com.apple.product-type.bundle.unit-test";
		};
/* End PBXNativeTarget section */

/* Begin PBXProject section */
		871578E219DFF8D3004116A5 /* Project object */ = {
			isa = PBXProject;
			attributes = {
				LastUpgradeCheck = 0600;
				ORGANIZATIONNAME = mycompany;
				TargetAttributes = {
					871578E919DFF8D3004116A5 = {
						CreatedOnToolsVersion = 6.0.1;
					};
					8715790219DFF8D3004116A5 = {
						CreatedOnToolsVersion = 6.0.1;
						TestTargetID = 871578E919DFF8D3004116A5;
					};
				};
			};
			buildConfigurationList = 871578E519DFF8D3004116A5 /* Build configuration list for PBXProject "2009odai1" */;
			compatibilityVersion = "Xcode 3.2";
			developmentRegion = English;
			hasScannedForEncodings = 0;
			knownRegions = (
				en,
				Base,
			);
			mainGroup = 871578E119DFF8D3004116A5;
			productRefGroup = 871578EB19DFF8D3004116A5 /* Products */;
			projectDirPath = "";
			projectRoot = "";
			targets = (
				871578E919DFF8D3004116A5 /* 2009odai1 */,
				8715790219DFF8D3004116A5 /* 2009odai1Tests */,
			);
		};
/* End PBXProject section */

/* Begin PBXResourcesBuildPhase section */
		871578E819DFF8D3004116A5 /* Resources */ = {
			isa = PBXResourcesBuildPhase;
			buildActionMask = 2147483647;
			files = (
				871578F919DFF8D3004116A5 /* Main.storyboard in Resources */,
				871578FE19DFF8D3004116A5 /* LaunchScreen.xib in Resources */,
				871578FB19DFF8D3004116A5 /* Images.xcassets in Resources */,
			);
			runOnlyForDeploymentPostprocessing = 0;
		};
		8715790119DFF8D3004116A5 /* Resources */ = {
			isa = PBXResourcesBuildPhase;
			buildActionMask = 2147483647;
			files = (
			);
			runOnlyForDeploymentPostprocessing = 0;
		};
/* End PBXResourcesBuildPhase section */

/* Begin PBXSourcesBuildPhase section */
		871578E619DFF8D3004116A5 /* Sources */ = {
			isa = PBXSourcesBuildPhase;
			buildActionMask = 2147483647;
			files = (
				871578F619DFF8D3004116A5 /* ViewController.m in Sources */,
				871578F319DFF8D3004116A5 /* AppDelegate.m in Sources */,
				871578F019DFF8D3004116A5 /* main.m in Sources */,
			);
			runOnlyForDeploymentPostprocessing = 0;
		};
		871578FF19DFF8D3004116A5 /* Sources */ = {
			isa = PBXSourcesBuildPhase;
			buildActionMask = 2147483647;
			files = (
				8715790A19DFF8D3004116A5 /* _009odai1Tests.m in Sources */,
			);
			runOnlyForDeploymentPostprocessing = 0;
		};
/* End PBXSourcesBuildPhase section */

/* Begin PBXTargetDependency section */
		8715790519DFF8D3004116A5 /* PBXTargetDependency */ = {
			isa = PBXTargetDependency;
			target = 871578E919DFF8D3004116A5 /* 2009odai1 */;
			targetProxy = 8715790419DFF8D3004116A5 /* PBXContainerItemProxy */;
		};
/* End PBXTargetDependency section */

/* Begin PBXVariantGroup section */
		871578F719DFF8D3004116A5 /* Main.storyboard */ = {
			isa = PBXVariantGroup;
			children = (
				871578F819DFF8D3004116A5 /* Base */,
			);
			name = Main.storyboard;
			sourceTree = "<group>";
		};
		871578FC19DFF8D3004116A5 /* LaunchScreen.xib */ = {
			isa = PBXVariantGroup;
			children = (
				871578FD19DFF8D3004116A5 /* Base */,
			);
			name = LaunchScreen.xib;
			sourceTree = "<group>";
		};
/* End PBXVariantGroup section */

/* Begin XCBuildConfiguration section */
		8715790B19DFF8D3004116A5 /* Debug */ = {
			isa = XCBuildConfiguration;
			buildSettings = {
				ALWAYS_SEARCH_USER_PATHS = NO;
				CLANG_CXX_LANGUAGE_STANDARD = "gnu++0x";
				CLANG_CXX_LIBRARY = "libc++";
				CLANG_ENABLE_MODULES = YES;
				CLANG_ENABLE_OBJC_ARC = YES;
				CLANG_WARN_BOOL_CONVERSION = YES;
				CLANG_WARN_CONSTANT_CONVERSION = YES;
				CLANG_WARN_DIRECT_OBJC_ISA_USAGE = YES_ERROR;
				CLANG_WARN_EMPTY_BODY = YES;
				CLANG_WARN_ENUM_CONVERSION = YES;
				CLANG_WARN_INT_CONVERSION = YES;
				CLANG_WARN_OBJC_ROOT_CLASS = YES_ERROR;
				CLANG_WARN_UNREACHABLE_CODE = YES;
				CLANG_WARN__DUPLICATE_METHOD_MATCH = YES;
				"CODE_SIGN_IDENTITY[sdk=iphoneos*]" = "iPhone Developer";
				COPY_PHASE_STRIP = NO;
				ENABLE_STRICT_OBJC_MSGSEND = YES;
				GCC_C_LANGUAGE_STANDARD = gnu99;
				GCC_DYNAMIC_NO_PIC = NO;
				GCC_OPTIMIZATION_LEVEL = 0;
				GCC_PREPROCESSOR_DEFINITIONS = (
					"DEBUG=1",
					"$(inherited)",
				);
				GCC_SYMBOLS_PRIVATE_EXTERN = NO;
				GCC_WARN_64_TO_32_BIT_CONVERSION = YES;
				GCC_WARN_ABOUT_RETURN_TYPE = YES_ERROR;
				GCC_WARN_UNDECLARED_SELECTOR = YES;
				GCC_WARN_UNINITIALIZED_AUTOS = YES_AGGRESSIVE;
				GCC_WARN_UNUSED_FUNCTION = YES;
				GCC_WARN_UNUSED_VARIABLE = YES;
				IPHONEOS_DEPLOYMENT_TARGET = 8.0;
				MTL_ENABLE_DEBUG_INFO = YES;
				ONLY_ACTIVE_ARCH = YES;
				SDKROOT = iphoneos;
			};
			name = Debug;
		};
		8715790C19DFF8D3004116A5 /* Release */ = {
			isa = XCBuildConfiguration;
			buildSettings = {
				ALWAYS_SEARCH_USER_PATHS = NO;
				CLANG_CXX_LANGUAGE_STANDARD = "gnu++0x";
				CLANG_CXX_LIBRARY = "libc++";
				CLANG_ENABLE_MODULES = YES;
				CLANG_ENABLE_OBJC_ARC = YES;
				CLANG_WARN_BOOL_CONVERSION = YES;
				CLANG_WARN_CONSTANT_CONVERSION = YES;
				CLANG_WARN_DIRECT_OBJC_ISA_USAGE = YES_ERROR;
				CLANG_WARN_EMPTY_BODY = YES;
				CLANG_WARN_ENUM_CONVERSION = YES;
				CLANG_WARN_INT_CONVERSION = YES;
				CLANG_WARN_OBJC_ROOT_CLASS = YES_ERROR;
				CLANG_WARN_UNREACHABLE_CODE = YES;
				CLANG_WARN__DUPLICATE_METHOD_MATCH = YES;
				"CODE_SIGN_IDENTITY[sdk=iphoneos*]" = "iPhone Developer";
				COPY_PHASE_STRIP = YES;
				ENABLE_NS_ASSERTIONS = NO;
				ENABLE_STRICT_OBJC_MSGSEND = YES;
				GCC_C_LANGUAGE_STANDARD = gnu99;
				GCC_WARN_64_TO_32_BIT_CONVERSION = YES;
				GCC_WARN_ABOUT_RETURN_TYPE = YES_ERROR;
				GCC_WARN_UNDECLARED_SELECTOR = YES;
				GCC_WARN_UNINITIALIZED_AUTOS = YES_AGGRESSIVE;
				GCC_WARN_UNUSED_FUNCTION = YES;
				GCC_WARN_UNUSED_VARIABLE = YES;
				IPHONEOS_DEPLOYMENT_TARGET = 8.0;
				MTL_ENABLE_DEBUG_INFO = NO;
				SDKROOT = iphoneos;
				VALIDATE_PRODUCT = YES;
			};
			name = Release;
		};
		8715790E19DFF8D3004116A5 /* Debug */ = {
			isa = XCBuildConfiguration;
			buildSettings = {
				ASSETCATALOG_COMPILER_APPICON_NAME = AppIcon;
				INFOPLIST_FILE = 2009odai1/Info.plist;
				LD_RUNPATH_SEARCH_PATHS = "$(inherited) @executable_path/Frameworks";
				PRODUCT_NAME = "$(TARGET_NAME)";
			};
			name = Debug;
		};
		8715790F19DFF8D3004116A5 /* Release */ = {
			isa = XCBuildConfiguration;
			buildSettings = {
				ASSETCATALOG_COMPILER_APPICON_NAME = AppIcon;
				INFOPLIST_FILE = 2009odai1/Info.plist;
				LD_RUNPATH_SEARCH_PATHS = "$(inherited) @executable_path/Frameworks";
				PRODUCT_NAME = "$(TARGET_NAME)";
			};
			name = Release;
		};
		8715791119DFF8D3004116A5 /* Debug */ = {
			isa = XCBuildConfiguration;
			buildSettings = {
				BUNDLE_LOADER = "$(TEST_HOST)";
				FRAMEWORK_SEARCH_PATHS = (
					"$(SDKROOT)/Developer/Library/Frameworks",
					"$(inherited)",
				);
				GCC_PREPROCESSOR_DEFINITIONS = (
					"DEBUG=1",
					"$(inherited)",
				);
				INFOPLIST_FILE = 2009odai1Tests/Info.plist;
				LD_RUNPATH_SEARCH_PATHS = "$(inherited) @executable_path/Frameworks @loader_path/Frameworks";
				PRODUCT_NAME = "$(TARGET_NAME)";
				TEST_HOST = "$(BUILT_PRODUCTS_DIR)/2009odai1.app/2009odai1";
			};
			name = Debug;
		};
		8715791219DFF8D3004116A5 /* Release */ = {
			isa = XCBuildConfiguration;
			buildSettings = {
				BUNDLE_LOADER = "$(TEST_HOST)";
				FRAMEWORK_SEARCH_PATHS = (
					"$(SDKROOT)/Developer/Library/Frameworks",
					"$(inherited)",
				);
				INFOPLIST_FILE = 2009odai1Tests/Info.plist;
				LD_RUNPATH_SEARCH_PATHS = "$(inherited) @executable_path/Frameworks @loader_path/Frameworks";
				PRODUCT_NAME = "$(TARGET_NAME)";
				TEST_HOST = "$(BUILT_PRODUCTS_DIR)/2009odai1.app/2009odai1";
			};
			name = Release;
		};
/* End XCBuildConfiguration section */

/* Begin XCConfigurationList section */
		871578E519DFF8D3004116A5 /* Build configuration list for PBXProject "2009odai1" */ = {
			isa = XCConfigurationList;
			buildConfigurations = (
				8715790B19DFF8D3004116A5 /* Debug */,
				8715790C19DFF8D3004116A5 /* Release */,
			);
			defaultConfigurationIsVisible = 0;
			defaultConfigurationName = Release;
		};
		8715790D19DFF8D3004116A5 /* Build configuration list for PBXNativeTarget "2009odai1" */ = {
			isa = XCConfigurationList;
			buildConfigurations = (
				8715790E19DFF8D3004116A5 /* Debug */,
				8715790F19DFF8D3004116A5 /* Release */,
			);
			defaultConfigurationIsVisible = 0;
		};
		8715791019DFF8D3004116A5 /* Build configuration list for PBXNativeTarget "2009odai1Tests" */ = {
			isa = XCConfigurationList;
			buildConfigurations = (
				8715791119DFF8D3004116A5 /* Debug */,
				8715791219DFF8D3004116A5 /* Release */,
			);
			defaultConfigurationIsVisible = 0;
		};
/* End XCConfigurationList section */
	};
	rootObject = 871578E219DFF8D3004116A5 /* Project object */;
}
